
Microsoft Visual Studio Solution File, Format Version 12.00
# Visual Studio Version 17
VisualStudioVersion = 17.5.002.0
MinimumVisualStudioVersion = 10.0.40219.1
Project("{9A19103F-16F7-4668-BE54-9A1E7A4F7556}") = "InventoryManager.API", "InventoryManager.API\InventoryManager.API.csproj", "{84970BE5-E8BE-41CE-A2B5-20CF33B2D1A5}"
EndProject
Project("{9A19103F-16F7-4668-BE54-9A1E7A4F7556}") = "InventoryManager.Core", "InventoryManager.Core\InventoryManager.Core.csproj", "{12C62D08-6262-4343-8576-8E1AF4880FD7}"
EndProject
Project("{9A19103F-16F7-4668-BE54-9A1E7A4F7556}") = "InventoryManager.Infrastructure", "InventoryManager.Infrastructure\InventoryManager.Infrastructure.csproj", "{925D1A35-0FAD-49E9-A45E-F5429E53049B}"
EndProject
Project("{9A19103F-16F7-4668-BE54-9A1E7A4F7556}") = "InventoryManager.Services", "InventoryManager.Services\InventoryManager.Services.csproj", "{4D235360-13F3-4EEA-AFAB-A39DBC60E7C4}"
EndProject
Project("{9A19103F-16F7-4668-BE54-9A1E7A4F7556}") = "InventoryManager.Shared", "InventoryManager.Shared\InventoryManager.Shared.csproj", "{F9F57DDA-D1E3-46EE-A4D2-6789B05EC744}"
EndProject
Global
	GlobalSection(SolutionConfigurationPlatforms) = preSolution
		Debug|Any CPU = Debug|Any CPU
		Release|Any CPU = Release|Any CPU
	EndGlobalSection
	GlobalSection(ProjectConfigurationPlatforms) = postSolution
		{84970BE5-E8BE-41CE-A2B5-20CF33B2D1A5}.Debug|Any CPU.ActiveCfg = Debug|Any CPU
		{84970BE5-E8BE-41CE-A2B5-20CF33B2D1A5}.Debug|Any CPU.Build.0 = Debug|Any CPU
		{84970BE5-E8BE-41CE-A2B5-20CF33B2D1A5}.Release|Any CPU.ActiveCfg = Release|Any CPU
		{84970BE5-E8BE-41CE-A2B5-20CF33B2D1A5}.Release|Any CPU.Build.0 = Release|Any CPU
		{12C62D08-6262-4343-8576-8E1AF4880FD7}.Debug|Any CPU.ActiveCfg = Debug|Any CPU
		{12C62D08-6262-4343-8576-8E1AF4880FD7}.Debug|Any CPU.Build.0 = Debug|Any CPU
		{12C62D08-6262-4343-8576-8E1AF4880FD7}.Release|Any CPU.ActiveCfg = Release|Any CPU
		{12C62D08-6262-4343-8576-8E1AF4880FD7}.Release|Any CPU.Build.0 = Release|Any CPU
		{925D1A35-0FAD-49E9-A45E-F5429E53049B}.Debug|Any CPU.ActiveCfg = Debug|Any CPU
		{925D1A35-0FAD-49E9-A45E-F5429E53049B}.Debug|Any CPU.Build.0 = Debug|Any CPU
		{925D1A35-0FAD-49E9-A45E-F5429E53049B}.Release|Any CPU.ActiveCfg = Release|Any CPU
		{925D1A35-0FAD-49E9-A45E-F5429E53049B}.Release|Any CPU.Build.0 = Release|Any CPU
		{4D235360-13F3-4EEA-AFAB-A39DBC60E7C4}.Debug|Any CPU.ActiveCfg = Debug|Any CPU
		{4D235360-13F3-4EEA-AFAB-A39DBC60E7C4}.Debug|Any CPU.Build.0 = Debug|Any CPU
		{4D235360-13F3-4EEA-AFAB-A39DBC60E7C4}.Release|Any CPU.ActiveCfg = Release|Any CPU
		{4D235360-13F3-4EEA-AFAB-A39DBC60E7C4}.Release|Any CPU.Build.0 = Release|Any CPU
		{F9F57DDA-D1E3-46EE-A4D2-6789B05EC744}.Debug|Any CPU.ActiveCfg = Debug|Any CPU
		{F9F57DDA-D1E3-46EE-A4D2-6789B05EC744}.Debug|Any CPU.Build.0 = Debug|Any CPU
		{F9F57DDA-D1E3-46EE-A4D2-6789B05EC744}.Release|Any CPU.ActiveCfg = Release|Any CPU
		{F9F57DDA-D1E3-46EE-A4D2-6789B05EC744}.Release|Any CPU.Build.0 = Release|Any CPU
	EndGlobalSection
	GlobalSection(SolutionProperties) = preSolution
		HideSolutionNode = FALSE
	EndGlobalSection
	GlobalSection(ExtensibilityGlobals) = postSolution
		SolutionGuid = {FE4EE0B6-75C4-4878-9F3F-2F10BF1F6DD4}
	EndGlobalSection
EndGlobal
